
Microsoft Visual Studio Solution File, Format Version 12.00
# Visual Studio 15
VisualStudioVersion = 15.0.28307.136
MinimumVisualStudioVersion = 10.0.40219.1
Project("{FAE04EC0-301F-11D3-BF4B-00C04F79EFBC}") = "ApiTesting", "ApiTesting\ApiTesting.csproj", "{CEEBED56-81FE-46FF-8A10-71AD0E161851}"
EndProject
Global
	GlobalSection(SolutionConfigurationPlatforms) = preSolution
		Debug|Any CPU = Debug|Any CPU
		Release|Any CPU = Release|Any CPU
	EndGlobalSection
	GlobalSection(ProjectConfigurationPlatforms) = postSolution
		{CEEBED56-81FE-46FF-8A10-71AD0E161851}.Debug|Any CPU.ActiveCfg = Debug|Any CPU
		{CEEBED56-81FE-46FF-8A10-71AD0E161851}.Debug|Any CPU.Build.0 = Debug|Any CPU
		{CEEBED56-81FE-46FF-8A10-71AD0E161851}.Release|Any CPU.ActiveCfg = Release|Any CPU
		{CEEBED56-81FE-46FF-8A10-71AD0E161851}.Release|Any CPU.Build.0 = Release|Any CPU
	EndGlobalSection
	GlobalSection(SolutionProperties) = preSolution
		HideSolutionNode = FALSE
	EndGlobalSection
	GlobalSection(ExtensibilityGlobals) = postSolution
		SolutionGuid = {ECF4472C-2F70-4A1A-BE78-5CB5137F82D3}
	EndGlobalSection
EndGlobal
